
Microsoft Visual Studio Solution File, Format Version 12.00
# Visual Studio Version 17
VisualStudioVersion = 17.2.32630.192
MinimumVisualStudioVersion = 10.0.40219.1
Project("{FAE04EC0-301F-11D3-BF4B-00C04F79EFBC}") = "RemoteController", "RemoteController\RemoteController.csproj", "{2EF37FD7-76F8-4A5D-A76A-83D649EA92A7}"
EndProject
Global
	GlobalSection(SolutionConfigurationPlatforms) = preSolution
		Debug|Any CPU = Debug|Any CPU
		Release|Any CPU = Release|Any CPU
	EndGlobalSection
	GlobalSection(ProjectConfigurationPlatforms) = postSolution
		{2EF37FD7-76F8-4A5D-A76A-83D649EA92A7}.Debug|Any CPU.ActiveCfg = Debug|Any CPU
		{2EF37FD7-76F8-4A5D-A76A-83D649EA92A7}.Debug|Any CPU.Build.0 = Debug|Any CPU
		{2EF37FD7-76F8-4A5D-A76A-83D649EA92A7}.Release|Any CPU.ActiveCfg = Release|Any CPU
		{2EF37FD7-76F8-4A5D-A76A-83D649EA92A7}.Release|Any CPU.Build.0 = Release|Any CPU
	EndGlobalSection
	GlobalSection(SolutionProperties) = preSolution
		HideSolutionNode = FALSE
	EndGlobalSection
	GlobalSection(ExtensibilityGlobals) = postSolution
		SolutionGuid = {2232A3BA-8207-402E-9E1A-472902CFA62F}
	EndGlobalSection
EndGlobal
